
Microsoft Visual Studio Solution File, Format Version 12.00
# Visual Studio Version 16
VisualStudioVersion = 16.0.31205.134
MinimumVisualStudioVersion = 10.0.40219.1
Project("{888888A0-9F3D-457C-B088-3A5042F75D52}") = "Asteroids PyGame", "Asteroids PyGame\Asteroids PyGame.pyproj", "{E22B0F16-A0C9-4E48-8E23-33DF96C79141}"
EndProject
Global
	GlobalSection(SolutionConfigurationPlatforms) = preSolution
		Debug|Any CPU = Debug|Any CPU
		Release|Any CPU = Release|Any CPU
	EndGlobalSection
	GlobalSection(ProjectConfigurationPlatforms) = postSolution
		{E22B0F16-A0C9-4E48-8E23-33DF96C79141}.Debug|Any CPU.ActiveCfg = Debug|Any CPU
		{E22B0F16-A0C9-4E48-8E23-33DF96C79141}.Release|Any CPU.ActiveCfg = Release|Any CPU
	EndGlobalSection
	GlobalSection(SolutionProperties) = preSolution
		HideSolutionNode = FALSE
	EndGlobalSection
	GlobalSection(ExtensibilityGlobals) = postSolution
		SolutionGuid = {4392EB4E-6C96-4AAD-B416-F55CA979DCA0}
	EndGlobalSection
EndGlobal
